
Microsoft Visual Studio Solution File, Format Version 12.00
# Visual Studio Version 17
VisualStudioVersion = 17.4.33205.214
MinimumVisualStudioVersion = 10.0.40219.1
Project("{FAE04EC0-301F-11D3-BF4B-00C04F79EFBC}") = "1", "1\1.csproj", "{C350E6F6-FC22-40EC-9896-F02287170ED0}"
EndProject
Project("{FAE04EC0-301F-11D3-BF4B-00C04F79EFBC}") = "2", "2\2.csproj", "{C6F34742-BE75-47CD-A49D-C0F00401CC51}"
EndProject
Project("{FAE04EC0-301F-11D3-BF4B-00C04F79EFBC}") = "3", "3\3.csproj", "{BFBC9244-74E2-49DE-82CA-323EEE1DF8C0}"
EndProject
Project("{FAE04EC0-301F-11D3-BF4B-00C04F79EFBC}") = "4", "4\4.csproj", "{F3666450-EBA7-499F-8F12-1E63780F5905}"
EndProject
Project("{FAE04EC0-301F-11D3-BF4B-00C04F79EFBC}") = "5", "5\5.csproj", "{8933DF74-6C59-45D4-ABD8-F0232DD8034D}"
EndProject
Global
	GlobalSection(SolutionConfigurationPlatforms) = preSolution
		Debug|Any CPU = Debug|Any CPU
		Release|Any CPU = Release|Any CPU
	EndGlobalSection
	GlobalSection(ProjectConfigurationPlatforms) = postSolution
		{C350E6F6-FC22-40EC-9896-F02287170ED0}.Debug|Any CPU.ActiveCfg = Debug|Any CPU
		{C350E6F6-FC22-40EC-9896-F02287170ED0}.Debug|Any CPU.Build.0 = Debug|Any CPU
		{C350E6F6-FC22-40EC-9896-F02287170ED0}.Release|Any CPU.ActiveCfg = Release|Any CPU
		{C350E6F6-FC22-40EC-9896-F02287170ED0}.Release|Any CPU.Build.0 = Release|Any CPU
		{C6F34742-BE75-47CD-A49D-C0F00401CC51}.Debug|Any CPU.ActiveCfg = Debug|Any CPU
		{C6F34742-BE75-47CD-A49D-C0F00401CC51}.Debug|Any CPU.Build.0 = Debug|Any CPU
		{C6F34742-BE75-47CD-A49D-C0F00401CC51}.Release|Any CPU.ActiveCfg = Release|Any CPU
		{C6F34742-BE75-47CD-A49D-C0F00401CC51}.Release|Any CPU.Build.0 = Release|Any CPU
		{BFBC9244-74E2-49DE-82CA-323EEE1DF8C0}.Debug|Any CPU.ActiveCfg = Debug|Any CPU
		{BFBC9244-74E2-49DE-82CA-323EEE1DF8C0}.Debug|Any CPU.Build.0 = Debug|Any CPU
		{BFBC9244-74E2-49DE-82CA-323EEE1DF8C0}.Release|Any CPU.ActiveCfg = Release|Any CPU
		{BFBC9244-74E2-49DE-82CA-323EEE1DF8C0}.Release|Any CPU.Build.0 = Release|Any CPU
		{F3666450-EBA7-499F-8F12-1E63780F5905}.Debug|Any CPU.ActiveCfg = Debug|Any CPU
		{F3666450-EBA7-499F-8F12-1E63780F5905}.Debug|Any CPU.Build.0 = Debug|Any CPU
		{F3666450-EBA7-499F-8F12-1E63780F5905}.Release|Any CPU.ActiveCfg = Release|Any CPU
		{F3666450-EBA7-499F-8F12-1E63780F5905}.Release|Any CPU.Build.0 = Release|Any CPU
		{8933DF74-6C59-45D4-ABD8-F0232DD8034D}.Debug|Any CPU.ActiveCfg = Debug|Any CPU
		{8933DF74-6C59-45D4-ABD8-F0232DD8034D}.Debug|Any CPU.Build.0 = Debug|Any CPU
		{8933DF74-6C59-45D4-ABD8-F0232DD8034D}.Release|Any CPU.ActiveCfg = Release|Any CPU
		{8933DF74-6C59-45D4-ABD8-F0232DD8034D}.Release|Any CPU.Build.0 = Release|Any CPU
	EndGlobalSection
	GlobalSection(SolutionProperties) = preSolution
		HideSolutionNode = FALSE
	EndGlobalSection
	GlobalSection(ExtensibilityGlobals) = postSolution
		SolutionGuid = {1ADB9B5A-E5D9-44F4-BAA3-DB66B5AA3D6E}
	EndGlobalSection
EndGlobal
